
Microsoft Visual Studio Solution File, Format Version 12.00
# Visual Studio Version 16
VisualStudioVersion = 16.0.29503.13
MinimumVisualStudioVersion = 10.0.40219.1
Project("{FAE04EC0-301F-11D3-BF4B-00C04F79EFBC}") = "SeyruSefer", "SeyruSefer\SeyruSefer.csproj", "{FF5E911A-E2AE-47A3-9872-2959073178F2}"
EndProject
Global
	GlobalSection(SolutionConfigurationPlatforms) = preSolution
		Debug|Any CPU = Debug|Any CPU
		Release|Any CPU = Release|Any CPU
	EndGlobalSection
	GlobalSection(ProjectConfigurationPlatforms) = postSolution
		{FF5E911A-E2AE-47A3-9872-2959073178F2}.Debug|Any CPU.ActiveCfg = Debug|Any CPU
		{FF5E911A-E2AE-47A3-9872-2959073178F2}.Debug|Any CPU.Build.0 = Debug|Any CPU
		{FF5E911A-E2AE-47A3-9872-2959073178F2}.Release|Any CPU.ActiveCfg = Release|Any CPU
		{FF5E911A-E2AE-47A3-9872-2959073178F2}.Release|Any CPU.Build.0 = Release|Any CPU
	EndGlobalSection
	GlobalSection(SolutionProperties) = preSolution
		HideSolutionNode = FALSE
	EndGlobalSection
	GlobalSection(ExtensibilityGlobals) = postSolution
		SolutionGuid = {7C09C810-22D7-45E2-BF0F-1048F6E40737}
	EndGlobalSection
EndGlobal
